
Microsoft Visual Studio Solution File, Format Version 12.00
# Visual Studio Version 17
VisualStudioVersion = 17.14.37314.3 d17.14
MinimumVisualStudioVersion = 10.0.40219.1
Project("{FAE04EC0-301F-11D3-BF4B-00C04F79EFBC}") = "CX102PrickHMI", "CX102PrickHMI\CX102PrickHMI.csproj", "{887520CD-0E69-4AD0-9BBF-7B7C08F5B2F7}"
EndProject
Global
	GlobalSection(SolutionConfigurationPlatforms) = preSolution
		Debug|x64 = Debug|x64
		Release|x64 = Release|x64
	EndGlobalSection
	GlobalSection(ProjectConfigurationPlatforms) = postSolution
		{887520CD-0E69-4AD0-9BBF-7B7C08F5B2F7}.Debug|x64.ActiveCfg = Debug|x64
		{887520CD-0E69-4AD0-9BBF-7B7C08F5B2F7}.Debug|x64.Build.0 = Debug|x64
		{887520CD-0E69-4AD0-9BBF-7B7C08F5B2F7}.Release|x64.ActiveCfg = Release|x64
		{887520CD-0E69-4AD0-9BBF-7B7C08F5B2F7}.Release|x64.Build.0 = Release|x64
	EndGlobalSection
	GlobalSection(SolutionProperties) = preSolution
		HideSolutionNode = FALSE
	EndGlobalSection
	GlobalSection(ExtensibilityGlobals) = postSolution
		SolutionGuid = {1F2F9370-6884-4329-85AB-D64C8C8B1ED3}
	EndGlobalSection
EndGlobal
